
Microsoft Visual Studio Solution File, Format Version 11.00
# Visual Studio 2010
Project("{FAE04EC0-301F-11D3-BF4B-00C04F79EFBC}") = "ManagingAdmissionContest", "ManagingAdmissionContest\ManagingAdmissionContest.csproj", "{CE60C3F4-922A-4E62-9E0D-FB8564BF3837}"
EndProject
Global
	GlobalSection(SolutionConfigurationPlatforms) = preSolution
		Debug|x86 = Debug|x86
		Release|x86 = Release|x86
	EndGlobalSection
	GlobalSection(ProjectConfigurationPlatforms) = postSolution
		{CE60C3F4-922A-4E62-9E0D-FB8564BF3837}.Debug|x86.ActiveCfg = Debug|x86
		{CE60C3F4-922A-4E62-9E0D-FB8564BF3837}.Debug|x86.Build.0 = Debug|x86
		{CE60C3F4-922A-4E62-9E0D-FB8564BF3837}.Release|x86.ActiveCfg = Release|x86
		{CE60C3F4-922A-4E62-9E0D-FB8564BF3837}.Release|x86.Build.0 = Release|x86
	EndGlobalSection
	GlobalSection(SolutionProperties) = preSolution
		HideSolutionNode = FALSE
	EndGlobalSection
EndGlobal
